// !$*UTF8*$!
{
	archiveVersion = 1;
	classes = {
	};
	objectVersion = 50;
	objects = {

/* Begin PBXBuildFile section */
		146442E9239A449C00C54EBC /* main.cpp in Sources */ = {isa = PBXBuildFile; fileRef = 146442E8239A449C00C54EBC /* main.cpp */; };
		146442F6239A52B200C54EBC /* libglfw.3.2.dylib in Frameworks */ = {isa = PBXBuildFile; fileRef = 146442F2239A490C00C54EBC /* libglfw.3.2.dylib */; };
		146442FE239A550A00C54EBC /* main.cpp in Sources */ = {isa = PBXBuildFile; fileRef = 146442FD239A550A00C54EBC /* main.cpp */; };
		1464430D239A559100C54EBC /* libglfw.3.2.dylib in Frameworks */ = {isa = PBXBuildFile; fileRef = 146442F2239A490C00C54EBC /* libglfw.3.2.dylib */; };
		14644318239A661800C54EBC /* main.cpp in Sources */ = {isa = PBXBuildFile; fileRef = 14644317239A661800C54EBC /* main.cpp */; };
		1464431F239A66DF00C54EBC /* libglfw.3.2.dylib in Frameworks */ = {isa = PBXBuildFile; fileRef = 1464431C239A664700C54EBC /* libglfw.3.2.dylib */; };
		1464432A239CFE3F00C54EBC /* main.cpp in Sources */ = {isa = PBXBuildFile; fileRef = 14644329239CFE3F00C54EBC /* main.cpp */; };
		14644331239CFE9A00C54EBC /* glad.c in Sources */ = {isa = PBXBuildFile; fileRef = 14644330239CFE9900C54EBC /* glad.c */; };
		14644332239CFEAC00C54EBC /* glad.c in Sources */ = {isa = PBXBuildFile; fileRef = 14644330239CFE9900C54EBC /* glad.c */; };
		14644333239CFEEC00C54EBC /* libglfw.3.2.dylib in Frameworks */ = {isa = PBXBuildFile; fileRef = 1464431C239A664700C54EBC /* libglfw.3.2.dylib */; };
		14644334239CFF2900C54EBC /* glad.c in Sources */ = {isa = PBXBuildFile; fileRef = 14644330239CFE9900C54EBC /* glad.c */; };
		14644335239CFF2900C54EBC /* glad.c in Sources */ = {isa = PBXBuildFile; fileRef = 14644330239CFE9900C54EBC /* glad.c */; };
		14644359239E1EF200C54EBC /* main.cpp in Sources */ = {isa = PBXBuildFile; fileRef = 14644358239E1EF200C54EBC /* main.cpp */; };
		1464435D239E1F1B00C54EBC /* glad.c in Sources */ = {isa = PBXBuildFile; fileRef = 14644330239CFE9900C54EBC /* glad.c */; };
		1464435E239E1F2700C54EBC /* libglfw.3.2.dylib in Frameworks */ = {isa = PBXBuildFile; fileRef = 1464431C239A664700C54EBC /* libglfw.3.2.dylib */; };
		14644366239E1F3D00C54EBC /* main.cpp in Sources */ = {isa = PBXBuildFile; fileRef = 14644365239E1F3D00C54EBC /* main.cpp */; };
		14644371239E1F4600C54EBC /* main.cpp in Sources */ = {isa = PBXBuildFile; fileRef = 14644370239E1F4600C54EBC /* main.cpp */; };
		14644375239E1F5000C54EBC /* glad.c in Sources */ = {isa = PBXBuildFile; fileRef = 14644330239CFE9900C54EBC /* glad.c */; };
		14644376239E1F5600C54EBC /* libglfw.3.2.dylib in Frameworks */ = {isa = PBXBuildFile; fileRef = 1464431C239A664700C54EBC /* libglfw.3.2.dylib */; };
		14644377239E1F8900C54EBC /* libglfw.3.2.dylib in Frameworks */ = {isa = PBXBuildFile; fileRef = 1464431C239A664700C54EBC /* libglfw.3.2.dylib */; };
		14644378239E1F8F00C54EBC /* glad.c in Sources */ = {isa = PBXBuildFile; fileRef = 14644330239CFE9900C54EBC /* glad.c */; };
		14644380239E42AB00C54EBC /* main.cpp in Sources */ = {isa = PBXBuildFile; fileRef = 1464437F239E42AB00C54EBC /* main.cpp */; };
		14644384239E42BA00C54EBC /* glad.c in Sources */ = {isa = PBXBuildFile; fileRef = 14644330239CFE9900C54EBC /* glad.c */; };
		14644385239E42DA00C54EBC /* libglfw.3.2.dylib in Frameworks */ = {isa = PBXBuildFile; fileRef = 1464431C239A664700C54EBC /* libglfw.3.2.dylib */; };
		1464438D239E455900C54EBC /* main.cpp in Sources */ = {isa = PBXBuildFile; fileRef = 1464438C239E455900C54EBC /* main.cpp */; };
		14644391239E458500C54EBC /* libglfw.3.2.dylib in Frameworks */ = {isa = PBXBuildFile; fileRef = 1464431C239A664700C54EBC /* libglfw.3.2.dylib */; };
		14644392239E458B00C54EBC /* glad.c in Sources */ = {isa = PBXBuildFile; fileRef = 14644330239CFE9900C54EBC /* glad.c */; };
		1464439A239E480500C54EBC /* main.cpp in Sources */ = {isa = PBXBuildFile; fileRef = 14644399239E480500C54EBC /* main.cpp */; };
		1464439E239E480D00C54EBC /* glad.c in Sources */ = {isa = PBXBuildFile; fileRef = 14644330239CFE9900C54EBC /* glad.c */; };
		1464439F239E481300C54EBC /* libglfw.3.2.dylib in Frameworks */ = {isa = PBXBuildFile; fileRef = 1464431C239A664700C54EBC /* libglfw.3.2.dylib */; };
/* End PBXBuildFile section */

/* Begin PBXCopyFilesBuildPhase section */
		146442E3239A449C00C54EBC /* CopyFiles */ = {
			isa = PBXCopyFilesBuildPhase;
			buildActionMask = 2147483647;
			dstPath = /usr/share/man/man1/;
			dstSubfolderSpec = 0;
			files = (
			);
			runOnlyForDeploymentPostprocessing = 1;
		};
		146442F9239A550A00C54EBC /* CopyFiles */ = {
			isa = PBXCopyFilesBuildPhase;
			buildActionMask = 2147483647;
			dstPath = /usr/share/man/man1/;
			dstSubfolderSpec = 0;
			files = (
			);
			runOnlyForDeploymentPostprocessing = 1;
		};
		14644313239A661800C54EBC /* CopyFiles */ = {
			isa = PBXCopyFilesBuildPhase;
			buildActionMask = 2147483647;
			dstPath = /usr/share/man/man1/;
			dstSubfolderSpec = 0;
			files = (
			);
			runOnlyForDeploymentPostprocessing = 1;
		};
		14644325239CFE3F00C54EBC /* CopyFiles */ = {
			isa = PBXCopyFilesBuildPhase;
			buildActionMask = 2147483647;
			dstPath = /usr/share/man/man1/;
			dstSubfolderSpec = 0;
			files = (
			);
			runOnlyForDeploymentPostprocessing = 1;
		};
		14644354239E1EF200C54EBC /* CopyFiles */ = {
			isa = PBXCopyFilesBuildPhase;
			buildActionMask = 2147483647;
			dstPath = /usr/share/man/man1/;
			dstSubfolderSpec = 0;
			files = (
			);
			runOnlyForDeploymentPostprocessing = 1;
		};
		14644361239E1F3D00C54EBC /* CopyFiles */ = {
			isa = PBXCopyFilesBuildPhase;
			buildActionMask = 2147483647;
			dstPath = /usr/share/man/man1/;
			dstSubfolderSpec = 0;
			files = (
			);
			runOnlyForDeploymentPostprocessing = 1;
		};
		1464436C239E1F4600C54EBC /* CopyFiles */ = {
			isa = PBXCopyFilesBuildPhase;
			buildActionMask = 2147483647;
			dstPath = /usr/share/man/man1/;
			dstSubfolderSpec = 0;
			files = (
			);
			runOnlyForDeploymentPostprocessing = 1;
		};
		1464437B239E42AB00C54EBC /* CopyFiles */ = {
			isa = PBXCopyFilesBuildPhase;
			buildActionMask = 2147483647;
			dstPath = /usr/share/man/man1/;
			dstSubfolderSpec = 0;
			files = (
			);
			runOnlyForDeploymentPostprocessing = 1;
		};
		14644388239E455900C54EBC /* CopyFiles */ = {
			isa = PBXCopyFilesBuildPhase;
			buildActionMask = 2147483647;
			dstPath = /usr/share/man/man1/;
			dstSubfolderSpec = 0;
			files = (
			);
			runOnlyForDeploymentPostprocessing = 1;
		};
		14644395239E480500C54EBC /* CopyFiles */ = {
			isa = PBXCopyFilesBuildPhase;
			buildActionMask = 2147483647;
			dstPath = /usr/share/man/man1/;
			dstSubfolderSpec = 0;
			files = (
			);
			runOnlyForDeploymentPostprocessing = 1;
		};
/* End PBXCopyFilesBuildPhase section */

/* Begin PBXFileReference section */
		146442E5239A449C00C54EBC /* OpenGLDemo */ = {isa = PBXFileReference; explicitFileType = "compiled.mach-o.executable"; includeInIndex = 0; path = OpenGLDemo; sourceTree = BUILT_PRODUCTS_DIR; };
		146442E8239A449C00C54EBC /* main.cpp */ = {isa = PBXFileReference; lastKnownFileType = sourcecode.cpp.cpp; path = main.cpp; sourceTree = "<group>"; };
		146442F2239A490C00C54EBC /* libglfw.3.2.dylib */ = {isa = PBXFileReference; lastKnownFileType = "compiled.mach-o.dylib"; name = libglfw.3.2.dylib; path = ../../../../usr/local/Cellar/glfw/3.2.1/lib/libglfw.3.2.dylib; sourceTree = "<group>"; };
		146442FB239A550A00C54EBC /* HelloWindow */ = {isa = PBXFileReference; explicitFileType = "compiled.mach-o.executable"; includeInIndex = 0; path = HelloWindow; sourceTree = BUILT_PRODUCTS_DIR; };
		146442FD239A550A00C54EBC /* main.cpp */ = {isa = PBXFileReference; lastKnownFileType = sourcecode.cpp.cpp; path = main.cpp; sourceTree = "<group>"; };
		14644315239A661800C54EBC /* HelloTriangle */ = {isa = PBXFileReference; explicitFileType = "compiled.mach-o.executable"; includeInIndex = 0; path = HelloTriangle; sourceTree = BUILT_PRODUCTS_DIR; };
		14644317239A661800C54EBC /* main.cpp */ = {isa = PBXFileReference; lastKnownFileType = sourcecode.cpp.cpp; path = main.cpp; sourceTree = "<group>"; };
		1464431C239A664700C54EBC /* libglfw.3.2.dylib */ = {isa = PBXFileReference; lastKnownFileType = "compiled.mach-o.dylib"; name = libglfw.3.2.dylib; path = ../../../../../usr/local/Cellar/glfw/3.2.1/lib/libglfw.3.2.dylib; sourceTree = "<group>"; };
		14644320239A66FE00C54EBC /* README.md */ = {isa = PBXFileReference; lastKnownFileType = net.daringfireball.markdown; path = README.md; sourceTree = "<group>"; };
		14644322239A682F00C54EBC /* EnvironmentConfig.png */ = {isa = PBXFileReference; lastKnownFileType = image.png; path = EnvironmentConfig.png; sourceTree = "<group>"; };
		14644327239CFE3F00C54EBC /* HelloRectange */ = {isa = PBXFileReference; explicitFileType = "compiled.mach-o.executable"; includeInIndex = 0; path = HelloRectange; sourceTree = BUILT_PRODUCTS_DIR; };
		14644329239CFE3F00C54EBC /* main.cpp */ = {isa = PBXFileReference; lastKnownFileType = sourcecode.cpp.cpp; path = main.cpp; sourceTree = "<group>"; };
		14644330239CFE9900C54EBC /* glad.c */ = {isa = PBXFileReference; fileEncoding = 4; lastKnownFileType = sourcecode.c.c; path = glad.c; sourceTree = "<group>"; };
		14644336239D003400C54EBC /* shaderhelp.h */ = {isa = PBXFileReference; lastKnownFileType = sourcecode.c.h; path = shaderhelp.h; sourceTree = "<group>"; };
		14644337239D00F000C54EBC /* glhelp.h */ = {isa = PBXFileReference; lastKnownFileType = sourcecode.c.h; path = glhelp.h; sourceTree = "<group>"; };
		14644356239E1EF200C54EBC /* TwoTriangle1 */ = {isa = PBXFileReference; explicitFileType = "compiled.mach-o.executable"; includeInIndex = 0; path = TwoTriangle1; sourceTree = BUILT_PRODUCTS_DIR; };
		14644358239E1EF200C54EBC /* main.cpp */ = {isa = PBXFileReference; lastKnownFileType = sourcecode.cpp.cpp; path = main.cpp; sourceTree = "<group>"; };
		14644363239E1F3D00C54EBC /* TwoTriangle2 */ = {isa = PBXFileReference; explicitFileType = "compiled.mach-o.executable"; includeInIndex = 0; path = TwoTriangle2; sourceTree = BUILT_PRODUCTS_DIR; };
		14644365239E1F3D00C54EBC /* main.cpp */ = {isa = PBXFileReference; lastKnownFileType = sourcecode.cpp.cpp; path = main.cpp; sourceTree = "<group>"; };
		1464436E239E1F4600C54EBC /* TwoTriangle3 */ = {isa = PBXFileReference; explicitFileType = "compiled.mach-o.executable"; includeInIndex = 0; path = TwoTriangle3; sourceTree = BUILT_PRODUCTS_DIR; };
		14644370239E1F4600C54EBC /* main.cpp */ = {isa = PBXFileReference; lastKnownFileType = sourcecode.cpp.cpp; path = main.cpp; sourceTree = "<group>"; };
		1464437D239E42AB00C54EBC /* RedTriangle */ = {isa = PBXFileReference; explicitFileType = "compiled.mach-o.executable"; includeInIndex = 0; path = RedTriangle; sourceTree = BUILT_PRODUCTS_DIR; };
		1464437F239E42AB00C54EBC /* main.cpp */ = {isa = PBXFileReference; lastKnownFileType = sourcecode.cpp.cpp; path = main.cpp; sourceTree = "<group>"; };
		1464438A239E455900C54EBC /* GreenTriangle */ = {isa = PBXFileReference; explicitFileType = "compiled.mach-o.executable"; includeInIndex = 0; path = GreenTriangle; sourceTree = BUILT_PRODUCTS_DIR; };
		1464438C239E455900C54EBC /* main.cpp */ = {isa = PBXFileReference; lastKnownFileType = sourcecode.cpp.cpp; path = main.cpp; sourceTree = "<group>"; };
		14644397239E480500C54EBC /* ColorfulTriangle */ = {isa = PBXFileReference; explicitFileType = "compiled.mach-o.executable"; includeInIndex = 0; path = ColorfulTriangle; sourceTree = BUILT_PRODUCTS_DIR; };
		14644399239E480500C54EBC /* main.cpp */ = {isa = PBXFileReference; lastKnownFileType = sourcecode.cpp.cpp; path = main.cpp; sourceTree = "<group>"; };
/* End PBXFileReference section */

/* Begin PBXFrameworksBuildPhase section */
		146442E2239A449C00C54EBC /* Frameworks */ = {
			isa = PBXFrameworksBuildPhase;
			buildActionMask = 2147483647;
			files = (
				146442F6239A52B200C54EBC /* libglfw.3.2.dylib in Frameworks */,
			);
			runOnlyForDeploymentPostprocessing = 0;
		};
		146442F8239A550A00C54EBC /* Frameworks */ = {
			isa = PBXFrameworksBuildPhase;
			buildActionMask = 2147483647;
			files = (
				1464430D239A559100C54EBC /* libglfw.3.2.dylib in Frameworks */,
			);
			runOnlyForDeploymentPostprocessing = 0;
		};
		14644312239A661800C54EBC /* Frameworks */ = {
			isa = PBXFrameworksBuildPhase;
			buildActionMask = 2147483647;
			files = (
				1464431F239A66DF00C54EBC /* libglfw.3.2.dylib in Frameworks */,
			);
			runOnlyForDeploymentPostprocessing = 0;
		};
		14644324239CFE3F00C54EBC /* Frameworks */ = {
			isa = PBXFrameworksBuildPhase;
			buildActionMask = 2147483647;
			files = (
				14644333239CFEEC00C54EBC /* libglfw.3.2.dylib in Frameworks */,
			);
			runOnlyForDeploymentPostprocessing = 0;
		};
		14644353239E1EF200C54EBC /* Frameworks */ = {
			isa = PBXFrameworksBuildPhase;
			buildActionMask = 2147483647;
			files = (
				1464435E239E1F2700C54EBC /* libglfw.3.2.dylib in Frameworks */,
			);
			runOnlyForDeploymentPostprocessing = 0;
		};
		14644360239E1F3D00C54EBC /* Frameworks */ = {
			isa = PBXFrameworksBuildPhase;
			buildActionMask = 2147483647;
			files = (
				14644376239E1F5600C54EBC /* libglfw.3.2.dylib in Frameworks */,
			);
			runOnlyForDeploymentPostprocessing = 0;
		};
		1464436B239E1F4600C54EBC /* Frameworks */ = {
			isa = PBXFrameworksBuildPhase;
			buildActionMask = 2147483647;
			files = (
				14644377239E1F8900C54EBC /* libglfw.3.2.dylib in Frameworks */,
			);
			runOnlyForDeploymentPostprocessing = 0;
		};
		1464437A239E42AB00C54EBC /* Frameworks */ = {
			isa = PBXFrameworksBuildPhase;
			buildActionMask = 2147483647;
			files = (
				14644385239E42DA00C54EBC /* libglfw.3.2.dylib in Frameworks */,
			);
			runOnlyForDeploymentPostprocessing = 0;
		};
		14644387239E455900C54EBC /* Frameworks */ = {
			isa = PBXFrameworksBuildPhase;
			buildActionMask = 2147483647;
			files = (
				14644391239E458500C54EBC /* libglfw.3.2.dylib in Frameworks */,
			);
			runOnlyForDeploymentPostprocessing = 0;
		};
		14644394239E480500C54EBC /* Frameworks */ = {
			isa = PBXFrameworksBuildPhase;
			buildActionMask = 2147483647;
			files = (
				1464439F239E481300C54EBC /* libglfw.3.2.dylib in Frameworks */,
			);
			runOnlyForDeploymentPostprocessing = 0;
		};
/* End PBXFrameworksBuildPhase section */

/* Begin PBXGroup section */
		146442DC239A449C00C54EBC = {
			isa = PBXGroup;
			children = (
				14644320239A66FE00C54EBC /* README.md */,
				14644321239A675600C54EBC /* imgs */,
				146442E7239A449C00C54EBC /* OpenGLDemo */,
				146442FC239A550A00C54EBC /* HelloWindow */,
				14644316239A661800C54EBC /* HelloTriangle */,
				14644328239CFE3F00C54EBC /* HelloRectange */,
				14644357239E1EF200C54EBC /* TwoTriangle1 */,
				14644364239E1F3D00C54EBC /* TwoTriangle2 */,
				1464436F239E1F4600C54EBC /* TwoTriangle3 */,
				1464437E239E42AB00C54EBC /* RedTriangle */,
				1464438B239E455900C54EBC /* GreenTriangle */,
				14644398239E480500C54EBC /* ColorfulTriangle */,
				146442E6239A449C00C54EBC /* Products */,
				146442F1239A490C00C54EBC /* Frameworks */,
			);
			sourceTree = "<group>";
		};
		146442E6239A449C00C54EBC /* Products */ = {
			isa = PBXGroup;
			children = (
				146442E5239A449C00C54EBC /* OpenGLDemo */,
				146442FB239A550A00C54EBC /* HelloWindow */,
				14644315239A661800C54EBC /* HelloTriangle */,
				14644327239CFE3F00C54EBC /* HelloRectange */,
				14644356239E1EF200C54EBC /* TwoTriangle1 */,
				14644363239E1F3D00C54EBC /* TwoTriangle2 */,
				1464436E239E1F4600C54EBC /* TwoTriangle3 */,
				1464437D239E42AB00C54EBC /* RedTriangle */,
				1464438A239E455900C54EBC /* GreenTriangle */,
				14644397239E480500C54EBC /* ColorfulTriangle */,
			);
			name = Products;
			sourceTree = "<group>";
		};
		146442E7239A449C00C54EBC /* OpenGLDemo */ = {
			isa = PBXGroup;
			children = (
				14644330239CFE9900C54EBC /* glad.c */,
				146442E8239A449C00C54EBC /* main.cpp */,
				14644336239D003400C54EBC /* shaderhelp.h */,
				14644337239D00F000C54EBC /* glhelp.h */,
			);
			path = OpenGLDemo;
			sourceTree = "<group>";
		};
		146442F1239A490C00C54EBC /* Frameworks */ = {
			isa = PBXGroup;
			children = (
				1464431C239A664700C54EBC /* libglfw.3.2.dylib */,
				146442F2239A490C00C54EBC /* libglfw.3.2.dylib */,
			);
			name = Frameworks;
			sourceTree = "<group>";
		};
		146442FC239A550A00C54EBC /* HelloWindow */ = {
			isa = PBXGroup;
			children = (
				146442FD239A550A00C54EBC /* main.cpp */,
			);
			path = HelloWindow;
			sourceTree = "<group>";
		};
		14644316239A661800C54EBC /* HelloTriangle */ = {
			isa = PBXGroup;
			children = (
				14644317239A661800C54EBC /* main.cpp */,
			);
			path = HelloTriangle;
			sourceTree = "<group>";
		};
		14644321239A675600C54EBC /* imgs */ = {
			isa = PBXGroup;
			children = (
				14644322239A682F00C54EBC /* EnvironmentConfig.png */,
			);
			path = imgs;
			sourceTree = "<group>";
		};
		14644328239CFE3F00C54EBC /* HelloRectange */ = {
			isa = PBXGroup;
			children = (
				14644329239CFE3F00C54EBC /* main.cpp */,
			);
			path = HelloRectange;
			sourceTree = "<group>";
		};
		14644357239E1EF200C54EBC /* TwoTriangle1 */ = {
			isa = PBXGroup;
			children = (
				14644358239E1EF200C54EBC /* main.cpp */,
			);
			path = TwoTriangle1;
			sourceTree = "<group>";
		};
		14644364239E1F3D00C54EBC /* TwoTriangle2 */ = {
			isa = PBXGroup;
			children = (
				14644365239E1F3D00C54EBC /* main.cpp */,
			);
			path = TwoTriangle2;
			sourceTree = "<group>";
		};
		1464436F239E1F4600C54EBC /* TwoTriangle3 */ = {
			isa = PBXGroup;
			children = (
				14644370239E1F4600C54EBC /* main.cpp */,
			);
			path = TwoTriangle3;
			sourceTree = "<group>";
		};
		1464437E239E42AB00C54EBC /* RedTriangle */ = {
			isa = PBXGroup;
			children = (
				1464437F239E42AB00C54EBC /* main.cpp */,
			);
			path = RedTriangle;
			sourceTree = "<group>";
		};
		1464438B239E455900C54EBC /* GreenTriangle */ = {
			isa = PBXGroup;
			children = (
				1464438C239E455900C54EBC /* main.cpp */,
			);
			path = GreenTriangle;
			sourceTree = "<group>";
		};
		14644398239E480500C54EBC /* ColorfulTriangle */ = {
			isa = PBXGroup;
			children = (
				14644399239E480500C54EBC /* main.cpp */,
			);
			path = ColorfulTriangle;
			sourceTree = "<group>";
		};
/* End PBXGroup section */

/* Begin PBXNativeTarget section */
		146442E4239A449C00C54EBC /* OpenGLDemo */ = {
			isa = PBXNativeTarget;
			buildConfigurationList = 146442EC239A449C00C54EBC /* Build configuration list for PBXNativeTarget "OpenGLDemo" */;
			buildPhases = (
				146442E1239A449C00C54EBC /* Sources */,
				146442E2239A449C00C54EBC /* Frameworks */,
				146442E3239A449C00C54EBC /* CopyFiles */,
			);
			buildRules = (
			);
			dependencies = (
			);
			name = OpenGLDemo;
			productName = OpenGLDemo;
			productReference = 146442E5239A449C00C54EBC /* OpenGLDemo */;
			productType = "com.apple.product-type.tool";
		};
		146442FA239A550A00C54EBC /* HelloWindow */ = {
			isa = PBXNativeTarget;
			buildConfigurationList = 146442FF239A550A00C54EBC /* Build configuration list for PBXNativeTarget "HelloWindow" */;
			buildPhases = (
				146442F7239A550A00C54EBC /* Sources */,
				146442F8239A550A00C54EBC /* Frameworks */,
				146442F9239A550A00C54EBC /* CopyFiles */,
			);
			buildRules = (
			);
			dependencies = (
			);
			name = HelloWindow;
			productName = HelloWindow;
			productReference = 146442FB239A550A00C54EBC /* HelloWindow */;
			productType = "com.apple.product-type.tool";
		};
		14644314239A661800C54EBC /* HelloTriangle */ = {
			isa = PBXNativeTarget;
			buildConfigurationList = 1464431B239A661800C54EBC /* Build configuration list for PBXNativeTarget "HelloTriangle" */;
			buildPhases = (
				14644311239A661800C54EBC /* Sources */,
				14644312239A661800C54EBC /* Frameworks */,
				14644313239A661800C54EBC /* CopyFiles */,
			);
			buildRules = (
			);
			dependencies = (
			);
			name = HelloTriangle;
			productName = HelloTriangle;
			productReference = 14644315239A661800C54EBC /* HelloTriangle */;
			productType = "com.apple.product-type.tool";
		};
		14644326239CFE3F00C54EBC /* HelloRectange */ = {
			isa = PBXNativeTarget;
			buildConfigurationList = 1464432B239CFE3F00C54EBC /* Build configuration list for PBXNativeTarget "HelloRectange" */;
			buildPhases = (
				14644323239CFE3F00C54EBC /* Sources */,
				14644324239CFE3F00C54EBC /* Frameworks */,
				14644325239CFE3F00C54EBC /* CopyFiles */,
			);
			buildRules = (
			);
			dependencies = (
			);
			name = HelloRectange;
			productName = HelloRectange;
			productReference = 14644327239CFE3F00C54EBC /* HelloRectange */;
			productType = "com.apple.product-type.tool";
		};
		14644355239E1EF200C54EBC /* TwoTriangle1 */ = {
			isa = PBXNativeTarget;
			buildConfigurationList = 1464435A239E1EF200C54EBC /* Build configuration list for PBXNativeTarget "TwoTriangle1" */;
			buildPhases = (
				14644352239E1EF200C54EBC /* Sources */,
				14644353239E1EF200C54EBC /* Frameworks */,
				14644354239E1EF200C54EBC /* CopyFiles */,
			);
			buildRules = (
			);
			dependencies = (
			);
			name = TwoTriangle1;
			productName = TwoTriangle1;
			productReference = 14644356239E1EF200C54EBC /* TwoTriangle1 */;
			productType = "com.apple.product-type.tool";
		};
		14644362239E1F3D00C54EBC /* TwoTriangle2 */ = {
			isa = PBXNativeTarget;
			buildConfigurationList = 14644367239E1F3D00C54EBC /* Build configuration list for PBXNativeTarget "TwoTriangle2" */;
			buildPhases = (
				1464435F239E1F3D00C54EBC /* Sources */,
				14644360239E1F3D00C54EBC /* Frameworks */,
				14644361239E1F3D00C54EBC /* CopyFiles */,
			);
			buildRules = (
			);
			dependencies = (
			);
			name = TwoTriangle2;
			productName = TwoTriangle2;
			productReference = 14644363239E1F3D00C54EBC /* TwoTriangle2 */;
			productType = "com.apple.product-type.tool";
		};
		1464436D239E1F4600C54EBC /* TwoTriangle3 */ = {
			isa = PBXNativeTarget;
			buildConfigurationList = 14644372239E1F4600C54EBC /* Build configuration list for PBXNativeTarget "TwoTriangle3" */;
			buildPhases = (
				1464436A239E1F4600C54EBC /* Sources */,
				1464436B239E1F4600C54EBC /* Frameworks */,
				1464436C239E1F4600C54EBC /* CopyFiles */,
			);
			buildRules = (
			);
			dependencies = (
			);
			name = TwoTriangle3;
			productName = TwoTriangle3;
			productReference = 1464436E239E1F4600C54EBC /* TwoTriangle3 */;
			productType = "com.apple.product-type.tool";
		};
		1464437C239E42AB00C54EBC /* RedTriangle */ = {
			isa = PBXNativeTarget;
			buildConfigurationList = 14644381239E42AB00C54EBC /* Build configuration list for PBXNativeTarget "RedTriangle" */;
			buildPhases = (
				14644379239E42AB00C54EBC /* Sources */,
				1464437A239E42AB00C54EBC /* Frameworks */,
				1464437B239E42AB00C54EBC /* CopyFiles */,
			);
			buildRules = (
			);
			dependencies = (
			);
			name = RedTriangle;
			productName = RedTriangle;
			productReference = 1464437D239E42AB00C54EBC /* RedTriangle */;
			productType = "com.apple.product-type.tool";
		};
		14644389239E455900C54EBC /* GreenTriangle */ = {
			isa = PBXNativeTarget;
			buildConfigurationList = 1464438E239E455900C54EBC /* Build configuration list for PBXNativeTarget "GreenTriangle" */;
			buildPhases = (
				14644386239E455900C54EBC /* Sources */,
				14644387239E455900C54EBC /* Frameworks */,
				14644388239E455900C54EBC /* CopyFiles */,
			);
			buildRules = (
			);
			dependencies = (
			);
			name = GreenTriangle;
			productName = GreenTriangle;
			productReference = 1464438A239E455900C54EBC /* GreenTriangle */;
			productType = "com.apple.product-type.tool";
		};
		14644396239E480500C54EBC /* ColorfulTriangle */ = {
			isa = PBXNativeTarget;
			buildConfigurationList = 1464439B239E480500C54EBC /* Build configuration list for PBXNativeTarget "ColorfulTriangle" */;
			buildPhases = (
				14644393239E480500C54EBC /* Sources */,
				14644394239E480500C54EBC /* Frameworks */,
				14644395239E480500C54EBC /* CopyFiles */,
			);
			buildRules = (
			);
			dependencies = (
			);
			name = ColorfulTriangle;
			productName = ColorfulTriangle;
			productReference = 14644397239E480500C54EBC /* ColorfulTriangle */;
			productType = "com.apple.product-type.tool";
		};
/* End PBXNativeTarget section */

/* Begin PBXProject section */
		146442DD239A449C00C54EBC /* Project object */ = {
			isa = PBXProject;
			attributes = {
				LastUpgradeCheck = 1100;
				ORGANIZATIONNAME = SeacenLiu;
				TargetAttributes = {
					146442E4239A449C00C54EBC = {
						CreatedOnToolsVersion = 11.0;
					};
					146442FA239A550A00C54EBC = {
						CreatedOnToolsVersion = 11.0;
					};
					14644314239A661800C54EBC = {
						CreatedOnToolsVersion = 11.0;
					};
					14644326239CFE3F00C54EBC = {
						CreatedOnToolsVersion = 11.0;
					};
					14644355239E1EF200C54EBC = {
						CreatedOnToolsVersion = 11.0;
					};
					14644362239E1F3D00C54EBC = {
						CreatedOnToolsVersion = 11.0;
					};
					1464436D239E1F4600C54EBC = {
						CreatedOnToolsVersion = 11.0;
					};
					1464437C239E42AB00C54EBC = {
						CreatedOnToolsVersion = 11.0;
					};
					14644389239E455900C54EBC = {
						CreatedOnToolsVersion = 11.0;
					};
					14644396239E480500C54EBC = {
						CreatedOnToolsVersion = 11.0;
					};
				};
			};
			buildConfigurationList = 146442E0239A449C00C54EBC /* Build configuration list for PBXProject "OpenGLDemo" */;
			compatibilityVersion = "Xcode 9.3";
			developmentRegion = en;
			hasScannedForEncodings = 0;
			knownRegions = (
				en,
				Base,
			);
			mainGroup = 146442DC239A449C00C54EBC;
			productRefGroup = 146442E6239A449C00C54EBC /* Products */;
			projectDirPath = "";
			projectRoot = "";
			targets = (
				146442E4239A449C00C54EBC /* OpenGLDemo */,
				146442FA239A550A00C54EBC /* HelloWindow */,
				14644314239A661800C54EBC /* HelloTriangle */,
				14644326239CFE3F00C54EBC /* HelloRectange */,
				14644355239E1EF200C54EBC /* TwoTriangle1 */,
				14644362239E1F3D00C54EBC /* TwoTriangle2 */,
				1464436D239E1F4600C54EBC /* TwoTriangle3 */,
				1464437C239E42AB00C54EBC /* RedTriangle */,
				14644389239E455900C54EBC /* GreenTriangle */,
				14644396239E480500C54EBC /* ColorfulTriangle */,
			);
		};
/* End PBXProject section */

/* Begin PBXSourcesBuildPhase section */
		146442E1239A449C00C54EBC /* Sources */ = {
			isa = PBXSourcesBuildPhase;
			buildActionMask = 2147483647;
			files = (
				146442E9239A449C00C54EBC /* main.cpp in Sources */,
				14644331239CFE9A00C54EBC /* glad.c in Sources */,
			);
			runOnlyForDeploymentPostprocessing = 0;
		};
		146442F7239A550A00C54EBC /* Sources */ = {
			isa = PBXSourcesBuildPhase;
			buildActionMask = 2147483647;
			files = (
				146442FE239A550A00C54EBC /* main.cpp in Sources */,
				14644334239CFF2900C54EBC /* glad.c in Sources */,
			);
			runOnlyForDeploymentPostprocessing = 0;
		};
		14644311239A661800C54EBC /* Sources */ = {
			isa = PBXSourcesBuildPhase;
			buildActionMask = 2147483647;
			files = (
				14644318239A661800C54EBC /* main.cpp in Sources */,
				14644335239CFF2900C54EBC /* glad.c in Sources */,
			);
			runOnlyForDeploymentPostprocessing = 0;
		};
		14644323239CFE3F00C54EBC /* Sources */ = {
			isa = PBXSourcesBuildPhase;
			buildActionMask = 2147483647;
			files = (
				14644332239CFEAC00C54EBC /* glad.c in Sources */,
				1464432A239CFE3F00C54EBC /* main.cpp in Sources */,
			);
			runOnlyForDeploymentPostprocessing = 0;
		};
		14644352239E1EF200C54EBC /* Sources */ = {
			isa = PBXSourcesBuildPhase;
			buildActionMask = 2147483647;
			files = (
				1464435D239E1F1B00C54EBC /* glad.c in Sources */,
				14644359239E1EF200C54EBC /* main.cpp in Sources */,
			);
			runOnlyForDeploymentPostprocessing = 0;
		};
		1464435F239E1F3D00C54EBC /* Sources */ = {
			isa = PBXSourcesBuildPhase;
			buildActionMask = 2147483647;
			files = (
				14644375239E1F5000C54EBC /* glad.c in Sources */,
				14644366239E1F3D00C54EBC /* main.cpp in Sources */,
			);
			runOnlyForDeploymentPostprocessing = 0;
		};
		1464436A239E1F4600C54EBC /* Sources */ = {
			isa = PBXSourcesBuildPhase;
			buildActionMask = 2147483647;
			files = (
				14644378239E1F8F00C54EBC /* glad.c in Sources */,
				14644371239E1F4600C54EBC /* main.cpp in Sources */,
			);
			runOnlyForDeploymentPostprocessing = 0;
		};
		14644379239E42AB00C54EBC /* Sources */ = {
			isa = PBXSourcesBuildPhase;
			buildActionMask = 2147483647;
			files = (
				14644384239E42BA00C54EBC /* glad.c in Sources */,
				14644380239E42AB00C54EBC /* main.cpp in Sources */,
			);
			runOnlyForDeploymentPostprocessing = 0;
		};
		14644386239E455900C54EBC /* Sources */ = {
			isa = PBXSourcesBuildPhase;
			buildActionMask = 2147483647;
			files = (
				14644392239E458B00C54EBC /* glad.c in Sources */,
				1464438D239E455900C54EBC /* main.cpp in Sources */,
			);
			runOnlyForDeploymentPostprocessing = 0;
		};
		14644393239E480500C54EBC /* Sources */ = {
			isa = PBXSourcesBuildPhase;
			buildActionMask = 2147483647;
			files = (
				1464439E239E480D00C54EBC /* glad.c in Sources */,
				1464439A239E480500C54EBC /* main.cpp in Sources */,
			);
			runOnlyForDeploymentPostprocessing = 0;
		};
/* End PBXSourcesBuildPhase section */

/* Begin XCBuildConfiguration section */
		146442EA239A449C00C54EBC /* Debug */ = {
			isa = XCBuildConfiguration;
			buildSettings = {
				ALWAYS_SEARCH_USER_PATHS = NO;
				CLANG_ANALYZER_NONNULL = YES;
				CLANG_ANALYZER_NUMBER_OBJECT_CONVERSION = YES_AGGRESSIVE;
				CLANG_CXX_LANGUAGE_STANDARD = "gnu++14";
				CLANG_CXX_LIBRARY = "libc++";
				CLANG_ENABLE_MODULES = YES;
				CLANG_ENABLE_OBJC_ARC = YES;
				CLANG_ENABLE_OBJC_WEAK = YES;
				CLANG_WARN_BLOCK_CAPTURE_AUTORELEASING = YES;
				CLANG_WARN_BOOL_CONVERSION = YES;
				CLANG_WARN_COMMA = YES;
				CLANG_WARN_CONSTANT_CONVERSION = YES;
				CLANG_WARN_DEPRECATED_OBJC_IMPLEMENTATIONS = YES;
				CLANG_WARN_DIRECT_OBJC_ISA_USAGE = YES_ERROR;
				CLANG_WARN_DOCUMENTATION_COMMENTS = YES;
				CLANG_WARN_EMPTY_BODY = YES;
				CLANG_WARN_ENUM_CONVERSION = YES;
				CLANG_WARN_INFINITE_RECURSION = YES;
				CLANG_WARN_INT_CONVERSION = YES;
				CLANG_WARN_NON_LITERAL_NULL_CONVERSION = YES;
				CLANG_WARN_OBJC_IMPLICIT_RETAIN_SELF = YES;
				CLANG_WARN_OBJC_LITERAL_CONVERSION = YES;
				CLANG_WARN_OBJC_ROOT_CLASS = YES_ERROR;
				CLANG_WARN_RANGE_LOOP_ANALYSIS = YES;
				CLANG_WARN_STRICT_PROTOTYPES = YES;
				CLANG_WARN_SUSPICIOUS_MOVE = YES;
				CLANG_WARN_UNGUARDED_AVAILABILITY = YES_AGGRESSIVE;
				CLANG_WARN_UNREACHABLE_CODE = YES;
				CLANG_WARN__DUPLICATE_METHOD_MATCH = YES;
				COPY_PHASE_STRIP = NO;
				DEBUG_INFORMATION_FORMAT = dwarf;
				ENABLE_STRICT_OBJC_MSGSEND = YES;
				ENABLE_TESTABILITY = YES;
				GCC_C_LANGUAGE_STANDARD = gnu11;
				GCC_DYNAMIC_NO_PIC = NO;
				GCC_NO_COMMON_BLOCKS = YES;
				GCC_OPTIMIZATION_LEVEL = 0;
				GCC_PREPROCESSOR_DEFINITIONS = (
					"DEBUG=1",
					"$(inherited)",
				);
				GCC_WARN_64_TO_32_BIT_CONVERSION = YES;
				GCC_WARN_ABOUT_RETURN_TYPE = YES_ERROR;
				GCC_WARN_UNDECLARED_SELECTOR = YES;
				GCC_WARN_UNINITIALIZED_AUTOS = YES_AGGRESSIVE;
				GCC_WARN_UNUSED_FUNCTION = YES;
				GCC_WARN_UNUSED_VARIABLE = YES;
				MACOSX_DEPLOYMENT_TARGET = 10.14;
				MTL_ENABLE_DEBUG_INFO = INCLUDE_SOURCE;
				MTL_FAST_MATH = YES;
				ONLY_ACTIVE_ARCH = YES;
				SDKROOT = macosx;
			};
			name = Debug;
		};
		146442EB239A449C00C54EBC /* Release */ = {
			isa = XCBuildConfiguration;
			buildSettings = {
				ALWAYS_SEARCH_USER_PATHS = NO;
				CLANG_ANALYZER_NONNULL = YES;
				CLANG_ANALYZER_NUMBER_OBJECT_CONVERSION = YES_AGGRESSIVE;
				CLANG_CXX_LANGUAGE_STANDARD = "gnu++14";
				CLANG_CXX_LIBRARY = "libc++";
				CLANG_ENABLE_MODULES = YES;
				CLANG_ENABLE_OBJC_ARC = YES;
				CLANG_ENABLE_OBJC_WEAK = YES;
				CLANG_WARN_BLOCK_CAPTURE_AUTORELEASING = YES;
				CLANG_WARN_BOOL_CONVERSION = YES;
				CLANG_WARN_COMMA = YES;
				CLANG_WARN_CONSTANT_CONVERSION = YES;
				CLANG_WARN_DEPRECATED_OBJC_IMPLEMENTATIONS = YES;
				CLANG_WARN_DIRECT_OBJC_ISA_USAGE = YES_ERROR;
				CLANG_WARN_DOCUMENTATION_COMMENTS = YES;
				CLANG_WARN_EMPTY_BODY = YES;
				CLANG_WARN_ENUM_CONVERSION = YES;
				CLANG_WARN_INFINITE_RECURSION = YES;
				CLANG_WARN_INT_CONVERSION = YES;
				CLANG_WARN_NON_LITERAL_NULL_CONVERSION = YES;
				CLANG_WARN_OBJC_IMPLICIT_RETAIN_SELF = YES;
				CLANG_WARN_OBJC_LITERAL_CONVERSION = YES;
				CLANG_WARN_OBJC_ROOT_CLASS = YES_ERROR;
				CLANG_WARN_RANGE_LOOP_ANALYSIS = YES;
				CLANG_WARN_STRICT_PROTOTYPES = YES;
				CLANG_WARN_SUSPICIOUS_MOVE = YES;
				CLANG_WARN_UNGUARDED_AVAILABILITY = YES_AGGRESSIVE;
				CLANG_WARN_UNREACHABLE_CODE = YES;
				CLANG_WARN__DUPLICATE_METHOD_MATCH = YES;
				COPY_PHASE_STRIP = NO;
				DEBUG_INFORMATION_FORMAT = "dwarf-with-dsym";
				ENABLE_NS_ASSERTIONS = NO;
				ENABLE_STRICT_OBJC_MSGSEND = YES;
				GCC_C_LANGUAGE_STANDARD = gnu11;
				GCC_NO_COMMON_BLOCKS = YES;
				GCC_WARN_64_TO_32_BIT_CONVERSION = YES;
				GCC_WARN_ABOUT_RETURN_TYPE = YES_ERROR;
				GCC_WARN_UNDECLARED_SELECTOR = YES;
				GCC_WARN_UNINITIALIZED_AUTOS = YES_AGGRESSIVE;
				GCC_WARN_UNUSED_FUNCTION = YES;
				GCC_WARN_UNUSED_VARIABLE = YES;
				MACOSX_DEPLOYMENT_TARGET = 10.14;
				MTL_ENABLE_DEBUG_INFO = NO;
				MTL_FAST_MATH = YES;
				SDKROOT = macosx;
			};
			name = Release;
		};
		146442ED239A449C00C54EBC /* Debug */ = {
			isa = XCBuildConfiguration;
			buildSettings = {
				CODE_SIGN_STYLE = Automatic;
				HEADER_SEARCH_PATHS = (
					/usr/local/Cellar/glfw/3.2.1/include/,
					/usr/local/include,
				);
				LIBRARY_SEARCH_PATHS = /usr/local/Cellar/glfw/3.2.1/lib;
				PRODUCT_NAME = "$(TARGET_NAME)";
			};
			name = Debug;
		};
		146442EE239A449C00C54EBC /* Release */ = {
			isa = XCBuildConfiguration;
			buildSettings = {
				CODE_SIGN_STYLE = Automatic;
				HEADER_SEARCH_PATHS = (
					/usr/local/Cellar/glfw/3.2.1/include/,
					/usr/local/include,
				);
				LIBRARY_SEARCH_PATHS = /usr/local/Cellar/glfw/3.2.1/lib;
				PRODUCT_NAME = "$(TARGET_NAME)";
			};
			name = Release;
		};
		14644300239A550A00C54EBC /* Debug */ = {
			isa = XCBuildConfiguration;
			buildSettings = {
				CODE_SIGN_STYLE = Automatic;
				HEADER_SEARCH_PATHS = (
					/usr/local/Cellar/glfw/3.2.1/include/,
					/usr/local/include,
				);
				LIBRARY_SEARCH_PATHS = /usr/local/Cellar/glfw/3.2.1/lib;
				PRODUCT_NAME = "$(TARGET_NAME)";
			};
			name = Debug;
		};
		14644301239A550A00C54EBC /* Release */ = {
			isa = XCBuildConfiguration;
			buildSettings = {
				CODE_SIGN_STYLE = Automatic;
				HEADER_SEARCH_PATHS = (
					/usr/local/Cellar/glfw/3.2.1/include/,
					/usr/local/include,
				);
				LIBRARY_SEARCH_PATHS = /usr/local/Cellar/glfw/3.2.1/lib;
				PRODUCT_NAME = "$(TARGET_NAME)";
			};
			name = Release;
		};
		14644319239A661800C54EBC /* Debug */ = {
			isa = XCBuildConfiguration;
			buildSettings = {
				CODE_SIGN_STYLE = Automatic;
				HEADER_SEARCH_PATHS = (
					/usr/local/Cellar/glfw/3.2.1/include/,
					/usr/local/include,
				);
				LIBRARY_SEARCH_PATHS = (
					"$(inherited)",
					/usr/local/Cellar/glfw/3.2.1/lib,
				);
				PRODUCT_NAME = "$(TARGET_NAME)";
			};
			name = Debug;
		};
		1464431A239A661800C54EBC /* Release */ = {
			isa = XCBuildConfiguration;
			buildSettings = {
				CODE_SIGN_STYLE = Automatic;
				HEADER_SEARCH_PATHS = (
					/usr/local/Cellar/glfw/3.2.1/include/,
					/usr/local/include,
				);
				LIBRARY_SEARCH_PATHS = (
					"$(inherited)",
					/usr/local/Cellar/glfw/3.2.1/lib,
				);
				PRODUCT_NAME = "$(TARGET_NAME)";
			};
			name = Release;
		};
		1464432C239CFE3F00C54EBC /* Debug */ = {
			isa = XCBuildConfiguration;
			buildSettings = {
				CODE_SIGN_STYLE = Automatic;
				HEADER_SEARCH_PATHS = (
					/usr/local/include,
					/usr/local/Cellar/glfw/3.2.1/include/,
				);
				LIBRARY_SEARCH_PATHS = (
					"$(inherited)",
					/usr/local/Cellar/glfw/3.2.1/lib,
				);
				PRODUCT_NAME = "$(TARGET_NAME)";
			};
			name = Debug;
		};
		1464432D239CFE3F00C54EBC /* Release */ = {
			isa = XCBuildConfiguration;
			buildSettings = {
				CODE_SIGN_STYLE = Automatic;
				HEADER_SEARCH_PATHS = (
					/usr/local/include,
					/usr/local/Cellar/glfw/3.2.1/include/,
				);
				LIBRARY_SEARCH_PATHS = (
					"$(inherited)",
					/usr/local/Cellar/glfw/3.2.1/lib,
				);
				PRODUCT_NAME = "$(TARGET_NAME)";
			};
			name = Release;
		};
		1464435B239E1EF200C54EBC /* Debug */ = {
			isa = XCBuildConfiguration;
			buildSettings = {
				CODE_SIGN_STYLE = Automatic;
				HEADER_SEARCH_PATHS = (
					/usr/local/include,
					/usr/local/Cellar/glfw/3.2.1/include/,
				);
				LIBRARY_SEARCH_PATHS = /usr/local/Cellar/glfw/3.2.1/lib;
				PRODUCT_NAME = "$(TARGET_NAME)";
			};
			name = Debug;
		};
		1464435C239E1EF200C54EBC /* Release */ = {
			isa = XCBuildConfiguration;
			buildSettings = {
				CODE_SIGN_STYLE = Automatic;
				HEADER_SEARCH_PATHS = (
					/usr/local/include,
					/usr/local/Cellar/glfw/3.2.1/include/,
				);
				LIBRARY_SEARCH_PATHS = /usr/local/Cellar/glfw/3.2.1/lib;
				PRODUCT_NAME = "$(TARGET_NAME)";
			};
			name = Release;
		};
		14644368239E1F3D00C54EBC /* Debug */ = {
			isa = XCBuildConfiguration;
			buildSettings = {
				CODE_SIGN_STYLE = Automatic;
				HEADER_SEARCH_PATHS = (
					/usr/local/Cellar/glfw/3.2.1/include/,
					/usr/local/include,
				);
				LIBRARY_SEARCH_PATHS = (
					"$(inherited)",
					/usr/local/Cellar/glfw/3.2.1/lib,
				);
				PRODUCT_NAME = "$(TARGET_NAME)";
			};
			name = Debug;
		};
		14644369239E1F3D00C54EBC /* Release */ = {
			isa = XCBuildConfiguration;
			buildSettings = {
				CODE_SIGN_STYLE = Automatic;
				HEADER_SEARCH_PATHS = (
					/usr/local/Cellar/glfw/3.2.1/include/,
					/usr/local/include,
				);
				LIBRARY_SEARCH_PATHS = (
					"$(inherited)",
					/usr/local/Cellar/glfw/3.2.1/lib,
				);
				PRODUCT_NAME = "$(TARGET_NAME)";
			};
			name = Release;
		};
		14644373239E1F4600C54EBC /* Debug */ = {
			isa = XCBuildConfiguration;
			buildSettings = {
				CODE_SIGN_STYLE = Automatic;
				HEADER_SEARCH_PATHS = (
					/usr/local/Cellar/glfw/3.2.1/include/,
					/usr/local/include,
				);
				LIBRARY_SEARCH_PATHS = (
					"$(inherited)",
					/usr/local/Cellar/glfw/3.2.1/lib,
				);
				PRODUCT_NAME = "$(TARGET_NAME)";
			};
			name = Debug;
		};
		14644374239E1F4600C54EBC /* Release */ = {
			isa = XCBuildConfiguration;
			buildSettings = {
				CODE_SIGN_STYLE = Automatic;
				HEADER_SEARCH_PATHS = (
					/usr/local/Cellar/glfw/3.2.1/include/,
					/usr/local/include,
				);
				LIBRARY_SEARCH_PATHS = (
					"$(inherited)",
					/usr/local/Cellar/glfw/3.2.1/lib,
				);
				PRODUCT_NAME = "$(TARGET_NAME)";
			};
			name = Release;
		};
		14644382239E42AB00C54EBC /* Debug */ = {
			isa = XCBuildConfiguration;
			buildSettings = {
				CODE_SIGN_STYLE = Automatic;
				FRAMEWORK_SEARCH_PATHS = "";
				HEADER_SEARCH_PATHS = (
					/usr/local/Cellar/glfw/3.2.1/include/,
					/usr/local/include,
				);
				LIBRARY_SEARCH_PATHS = (
					"$(inherited)",
					/usr/local/Cellar/glfw/3.2.1/lib,
				);
				PRODUCT_NAME = "$(TARGET_NAME)";
			};
			name = Debug;
		};
		14644383239E42AB00C54EBC /* Release */ = {
			isa = XCBuildConfiguration;
			buildSettings = {
				CODE_SIGN_STYLE = Automatic;
				FRAMEWORK_SEARCH_PATHS = "";
				HEADER_SEARCH_PATHS = (
					/usr/local/Cellar/glfw/3.2.1/include/,
					/usr/local/include,
				);
				LIBRARY_SEARCH_PATHS = (
					"$(inherited)",
					/usr/local/Cellar/glfw/3.2.1/lib,
				);
				PRODUCT_NAME = "$(TARGET_NAME)";
			};
			name = Release;
		};
		1464438F239E455900C54EBC /* Debug */ = {
			isa = XCBuildConfiguration;
			buildSettings = {
				CODE_SIGN_STYLE = Automatic;
				HEADER_SEARCH_PATHS = (
					/usr/local/Cellar/glfw/3.2.1/include/,
					/usr/local/include,
				);
				LIBRARY_SEARCH_PATHS = /usr/local/Cellar/glfw/3.2.1/lib;
				PRODUCT_NAME = "$(TARGET_NAME)";
			};
			name = Debug;
		};
		14644390239E455900C54EBC /* Release */ = {
			isa = XCBuildConfiguration;
			buildSettings = {
				CODE_SIGN_STYLE = Automatic;
				HEADER_SEARCH_PATHS = (
					/usr/local/Cellar/glfw/3.2.1/include/,
					/usr/local/include,
				);
				LIBRARY_SEARCH_PATHS = /usr/local/Cellar/glfw/3.2.1/lib;
				PRODUCT_NAME = "$(TARGET_NAME)";
			};
			name = Release;
		};
		1464439C239E480500C54EBC /* Debug */ = {
			isa = XCBuildConfiguration;
			buildSettings = {
				CODE_SIGN_STYLE = Automatic;
				HEADER_SEARCH_PATHS = (
					/usr/local/Cellar/glfw/3.2.1/include/,
					/usr/local/include,
				);
				LIBRARY_SEARCH_PATHS = (
					"$(inherited)",
					/usr/local/Cellar/glfw/3.2.1/lib,
				);
				PRODUCT_NAME = "$(TARGET_NAME)";
			};
			name = Debug;
		};
		1464439D239E480500C54EBC /* Release */ = {
			isa = XCBuildConfiguration;
			buildSettings = {
				CODE_SIGN_STYLE = Automatic;
				HEADER_SEARCH_PATHS = (
					/usr/local/Cellar/glfw/3.2.1/include/,
					/usr/local/include,
				);
				LIBRARY_SEARCH_PATHS = (
					"$(inherited)",
					/usr/local/Cellar/glfw/3.2.1/lib,
				);
				PRODUCT_NAME = "$(TARGET_NAME)";
			};
			name = Release;
		};
/* End XCBuildConfiguration section */

/* Begin XCConfigurationList section */
		146442E0239A449C00C54EBC /* Build configuration list for PBXProject "OpenGLDemo" */ = {
			isa = XCConfigurationList;
			buildConfigurations = (
				146442EA239A449C00C54EBC /* Debug */,
				146442EB239A449C00C54EBC /* Release */,
			);
			defaultConfigurationIsVisible = 0;
			defaultConfigurationName = Release;
		};
		146442EC239A449C00C54EBC /* Build configuration list for PBXNativeTarget "OpenGLDemo" */ = {
			isa = XCConfigurationList;
			buildConfigurations = (
				146442ED239A449C00C54EBC /* Debug */,
				146442EE239A449C00C54EBC /* Release */,
			);
			defaultConfigurationIsVisible = 0;
			defaultConfigurationName = Release;
		};
		146442FF239A550A00C54EBC /* Build configuration list for PBXNativeTarget "HelloWindow" */ = {
			isa = XCConfigurationList;
			buildConfigurations = (
				14644300239A550A00C54EBC /* Debug */,
				14644301239A550A00C54EBC /* Release */,
			);
			defaultConfigurationIsVisible = 0;
			defaultConfigurationName = Release;
		};
		1464431B239A661800C54EBC /* Build configuration list for PBXNativeTarget "HelloTriangle" */ = {
			isa = XCConfigurationList;
			buildConfigurations = (
				14644319239A661800C54EBC /* Debug */,
				1464431A239A661800C54EBC /* Release */,
			);
			defaultConfigurationIsVisible = 0;
			defaultConfigurationName = Release;
		};
		1464432B239CFE3F00C54EBC /* Build configuration list for PBXNativeTarget "HelloRectange" */ = {
			isa = XCConfigurationList;
			buildConfigurations = (
				1464432C239CFE3F00C54EBC /* Debug */,
				1464432D239CFE3F00C54EBC /* Release */,
			);
			defaultConfigurationIsVisible = 0;
			defaultConfigurationName = Release;
		};
		1464435A239E1EF200C54EBC /* Build configuration list for PBXNativeTarget "TwoTriangle1" */ = {
			isa = XCConfigurationList;
			buildConfigurations = (
				1464435B239E1EF200C54EBC /* Debug */,
				1464435C239E1EF200C54EBC /* Release */,
			);
			defaultConfigurationIsVisible = 0;
			defaultConfigurationName = Release;
		};
		14644367239E1F3D00C54EBC /* Build configuration list for PBXNativeTarget "TwoTriangle2" */ = {
			isa = XCConfigurationList;
			buildConfigurations = (
				14644368239E1F3D00C54EBC /* Debug */,
				14644369239E1F3D00C54EBC /* Release */,
			);
			defaultConfigurationIsVisible = 0;
			defaultConfigurationName = Release;
		};
		14644372239E1F4600C54EBC /* Build configuration list for PBXNativeTarget "TwoTriangle3" */ = {
			isa = XCConfigurationList;
			buildConfigurations = (
				14644373239E1F4600C54EBC /* Debug */,
				14644374239E1F4600C54EBC /* Release */,
			);
			defaultConfigurationIsVisible = 0;
			defaultConfigurationName = Release;
		};
		14644381239E42AB00C54EBC /* Build configuration list for PBXNativeTarget "RedTriangle" */ = {
			isa = XCConfigurationList;
			buildConfigurations = (
				14644382239E42AB00C54EBC /* Debug */,
				14644383239E42AB00C54EBC /* Release */,
			);
			defaultConfigurationIsVisible = 0;
			defaultConfigurationName = Release;
		};
		1464438E239E455900C54EBC /* Build configuration list for PBXNativeTarget "GreenTriangle" */ = {
			isa = XCConfigurationList;
			buildConfigurations = (
				1464438F239E455900C54EBC /* Debug */,
				14644390239E455900C54EBC /* Release */,
			);
			defaultConfigurationIsVisible = 0;
			defaultConfigurationName = Release;
		};
		1464439B239E480500C54EBC /* Build configuration list for PBXNativeTarget "ColorfulTriangle" */ = {
			isa = XCConfigurationList;
			buildConfigurations = (
				1464439C239E480500C54EBC /* Debug */,
				1464439D239E480500C54EBC /* Release */,
			);
			defaultConfigurationIsVisible = 0;
			defaultConfigurationName = Release;
		};
/* End XCConfigurationList section */
	};
	rootObject = 146442DD239A449C00C54EBC /* Project object */;
}
